
Microsoft Visual Studio Solution File, Format Version 12.00
# Visual Studio Version 17
VisualStudioVersion = 17.3.32929.385
MinimumVisualStudioVersion = 10.0.40219.1
Project("{FAE04EC0-301F-11D3-BF4B-00C04F79EFBC}") = "Lab2- Dzwięk", "Lab2- Dzwięk\Lab2- Dzwięk.csproj", "{42648155-B50E-4387-95D0-E5329A7CE7CC}"
EndProject
Global
	GlobalSection(SolutionConfigurationPlatforms) = preSolution
		Debug|Any CPU = Debug|Any CPU
		Release|Any CPU = Release|Any CPU
	EndGlobalSection
	GlobalSection(ProjectConfigurationPlatforms) = postSolution
		{42648155-B50E-4387-95D0-E5329A7CE7CC}.Debug|Any CPU.ActiveCfg = Debug|Any CPU
		{42648155-B50E-4387-95D0-E5329A7CE7CC}.Debug|Any CPU.Build.0 = Debug|Any CPU
		{42648155-B50E-4387-95D0-E5329A7CE7CC}.Release|Any CPU.ActiveCfg = Release|Any CPU
		{42648155-B50E-4387-95D0-E5329A7CE7CC}.Release|Any CPU.Build.0 = Release|Any CPU
	EndGlobalSection
	GlobalSection(SolutionProperties) = preSolution
		HideSolutionNode = FALSE
	EndGlobalSection
	GlobalSection(ExtensibilityGlobals) = postSolution
		SolutionGuid = {62756E29-2F96-4108-A3BE-C99654A96C80}
	EndGlobalSection
EndGlobal
